
Microsoft Visual Studio Solution File, Format Version 12.00
# Visual Studio Version 17
VisualStudioVersion = 17.7.34024.191
MinimumVisualStudioVersion = 10.0.40219.1
Project("{FAE04EC0-301F-11D3-BF4B-00C04F79EFBC}") = "ChessBoard", "ChessBoard.csproj", "{267979F6-8946-49BB-911E-D1DA80EEB3C2}"
EndProject
Global
	GlobalSection(SolutionConfigurationPlatforms) = preSolution
		Debug|Any CPU = Debug|Any CPU
		Release|Any CPU = Release|Any CPU
	EndGlobalSection
	GlobalSection(ProjectConfigurationPlatforms) = postSolution
		{267979F6-8946-49BB-911E-D1DA80EEB3C2}.Debug|Any CPU.ActiveCfg = Debug|Any CPU
		{267979F6-8946-49BB-911E-D1DA80EEB3C2}.Debug|Any CPU.Build.0 = Debug|Any CPU
		{267979F6-8946-49BB-911E-D1DA80EEB3C2}.Release|Any CPU.ActiveCfg = Release|Any CPU
		{267979F6-8946-49BB-911E-D1DA80EEB3C2}.Release|Any CPU.Build.0 = Release|Any CPU
	EndGlobalSection
	GlobalSection(SolutionProperties) = preSolution
		HideSolutionNode = FALSE
	EndGlobalSection
	GlobalSection(ExtensibilityGlobals) = postSolution
		SolutionGuid = {3092F95F-7C38-4764-87CD-470FEBB2EB1F}
	EndGlobalSection
EndGlobal
